{
  "name": "@scramjet/raspberry",
  "version": "0.0.1",
  "lockfileVersion": 3,
  "requires": true,
  "packages": {
    "": {
      "name": "@scramjet/raspberry",
      "version": "0.0.1",
      "hasInstallScript": true,
      "license": "GPL-3.0",
      "dependencies": {
        "@scramjet/api-client": "0.32.1"
      },
      "engines": {
        "python3": "3.8.0"
      }
    },
    "node_modules/@scramjet/api-client": {
      "version": "0.32.1",
      "resolved": "https://registry.npmjs.org/@scramjet/api-client/-/api-client-0.32.1.tgz",
      "integrity": "sha512-Nhk/tP5FkgWABfAORpE7ZIbIT0mWIOrWCW7H/AU4PZ4KPz54gE+3tfzODjuK9II8v8FtLJo0W1dNmeiAdeaRow==",
      "dependencies": {
        "@scramjet/client-utils": "^0.32.1",
        "@scramjet/sth-config": "^0.32.1",
        "@scramjet/symbols": "^0.32.1",
        "n-readlines": "^1.0.1",
        "scramjet": "^4.36.9"
      }
    },
    "node_modules/@scramjet/client-utils": {
      "version": "0.32.1",
      "resolved": "https://registry.npmjs.org/@scramjet/client-utils/-/client-utils-0.32.1.tgz",
      "integrity": "sha512-W8j5dMAvsuwr7eYW/ijgX+oRq3g/u7ztCie3+rdnVReVy+xt0WIvNsbc6YwUGdzD2dW5PURX1s/6qOyF0IdwhQ==",
      "dependencies": {
        "@scramjet/model": "^0.32.1",
        "@scramjet/obj-logger": "^0.32.1",
        "@scramjet/sth-config": "^0.32.1",
        "@scramjet/symbols": "^0.32.1",
        "@scramjet/utility": "^0.32.1",
        "abort-controller": "^3.0.0",
        "n-readlines": "^1.0.1",
        "node-fetch": "^2.6.7",
        "normalize-url": "^5.3.1",
        "scramjet": "^4.36.9"
      }
    },
    "node_modules/@scramjet/model": {
      "version": "0.32.1",
      "resolved": "https://registry.npmjs.org/@scramjet/model/-/model-0.32.1.tgz",
      "integrity": "sha512-bE/uSEjwimSeEtofAzUIngdbYhfE2j0QBaVb2NynL28qG0QegRWo8hAsRu30eO+ag3l6SQ+YEuMaMU2L7GBrlg==",
      "dependencies": {
        "@scramjet/obj-logger": "^0.32.1",
        "@scramjet/symbols": "^0.32.1",
        "scramjet": "^4.36.9",
        "uuid": "^8.3.2"
      }
    },
    "node_modules/@scramjet/obj-logger": {
      "version": "0.32.1",
      "resolved": "https://registry.npmjs.org/@scramjet/obj-logger/-/obj-logger-0.32.1.tgz",
      "integrity": "sha512-T1z40QV/Wfbij110aaSbKSoXyNGHGNHN38ivmqqiFUui3Cqa18IOv9S9C2FMpaI3nnbcUQedKIqdU9WJdSXxWw==",
      "dependencies": {
        "@scramjet/utility": "^0.32.1",
        "scramjet": "^4.36.9"
      }
    },
    "node_modules/@scramjet/sth-config": {
      "version": "0.32.1",
      "resolved": "https://registry.npmjs.org/@scramjet/sth-config/-/sth-config-0.32.1.tgz",
      "integrity": "sha512-RISzdraYLFizVQK+n3bHpuq7SC0a63ETogpwyuaMRZ33EO6rIgq2apdS5YQ/a8UCXzD+5+Wa2MfdzBWlc9bIEQ==",
      "dependencies": {
        "@scramjet/utility": "^0.32.1"
      }
    },
    "node_modules/@scramjet/symbols": {
      "version": "0.32.1",
      "resolved": "https://registry.npmjs.org/@scramjet/symbols/-/symbols-0.32.1.tgz",
      "integrity": "sha512-zp+r4lPF+RdLtz+Ne/kiD9Cw24EhPvb012u6I8MVUmGRqqW63Splkwv3+tG9D6fTGN1ngfJ1nIYGEy1sWeu2FQ=="
    },
    "node_modules/@scramjet/utility": {
      "version": "0.32.1",
      "resolved": "https://registry.npmjs.org/@scramjet/utility/-/utility-0.32.1.tgz",
      "integrity": "sha512-7WW+DXJlTEbn30WPsh+2HkIyfyvGMDdaE+bcr+RzHmXxNbjYQh8yqwyq4FxN8+pFnjJFg3FCZsJhYWiZXxcL3Q==",
      "dependencies": {
        "normalize-url": "^5.3.1",
        "yaml": "^2.1.3"
      }
    },
    "node_modules/abort-controller": {
      "version": "3.0.0",
      "resolved": "https://registry.npmjs.org/abort-controller/-/abort-controller-3.0.0.tgz",
      "integrity": "sha512-h8lQ8tacZYnR3vNQTgibj+tODHI5/+l06Au2Pcriv/Gmet0eaj4TwWH41sO9wnHDiQsEj19q0drzdWdeAHtweg==",
      "dependencies": {
        "event-target-shim": "^5.0.0"
      },
      "engines": {
        "node": ">=6.5"
      }
    },
    "node_modules/event-target-shim": {
      "version": "5.0.1",
      "resolved": "https://registry.npmjs.org/event-target-shim/-/event-target-shim-5.0.1.tgz",
      "integrity": "sha512-i/2XbnSz/uxRCU6+NdVJgKWDTM427+MqYbkQzD321DuCQJUqOuJKIA0IM2+W2xtYHdKOmZ4dR6fExsd4SXL+WQ==",
      "engines": {
        "node": ">=6"
      }
    },
    "node_modules/n-readlines": {
      "version": "1.0.1",
      "resolved": "https://registry.npmjs.org/n-readlines/-/n-readlines-1.0.1.tgz",
      "integrity": "sha512-z4SyAIVgMy7CkgsoNw7YVz40v0g4+WWvvqy8+ZdHrCtgevcEO758WQyrYcw3XPxcLxF+//RszTz/rO48nzD0wQ==",
      "engines": {
        "node": ">=6.x.x"
      }
    },
    "node_modules/node-fetch": {
      "version": "2.6.9",
      "resolved": "https://registry.npmjs.org/node-fetch/-/node-fetch-2.6.9.tgz",
      "integrity": "sha512-DJm/CJkZkRjKKj4Zi4BsKVZh3ValV5IR5s7LVZnW+6YMh0W1BfNA8XSs6DLMGYlId5F3KnA70uu2qepcR08Qqg==",
      "dependencies": {
        "whatwg-url": "^5.0.0"
      },
      "engines": {
        "node": "4.x || >=6.0.0"
      },
      "peerDependencies": {
        "encoding": "^0.1.0"
      },
      "peerDependenciesMeta": {
        "encoding": {
          "optional": true
        }
      }
    },
    "node_modules/normalize-url": {
      "version": "5.3.1",
      "resolved": "https://registry.npmjs.org/normalize-url/-/normalize-url-5.3.1.tgz",
      "integrity": "sha512-K1c7+vaAP+Yh5bOGmA10PGPpp+6h7WZrl7GwqKhUflBc9flU9pzG27DDeB9+iuhZkE3BJZOcgN1P/2sS5pqrWw==",
      "engines": {
        "node": ">=10"
      },
      "funding": {
        "url": "https://github.com/sponsors/sindresorhus"
      }
    },
    "node_modules/papaparse": {
      "version": "5.3.2",
      "resolved": "https://registry.npmjs.org/papaparse/-/papaparse-5.3.2.tgz",
      "integrity": "sha512-6dNZu0Ki+gyV0eBsFKJhYr+MdQYAzFUGlBMNj3GNrmHxmz1lfRa24CjFObPXtjcetlOv5Ad299MhIK0znp3afw=="
    },
    "node_modules/rereadable-stream": {
      "version": "1.4.14",
      "resolved": "https://registry.npmjs.org/rereadable-stream/-/rereadable-stream-1.4.14.tgz",
      "integrity": "sha512-vGANaSU3Uvl33Lz88otjkoXkiBx01KjrusdsW2K95JbJveWZdjf11CyutMRZyy7nj7NyCTRynauTbaiM7MCgkg==",
      "engines": {
        "node": ">=8.6.0"
      }
    },
    "node_modules/scramjet": {
      "version": "4.36.9",
      "resolved": "https://registry.npmjs.org/scramjet/-/scramjet-4.36.9.tgz",
      "integrity": "sha512-vHRQy3hE1gC3tYDKPLGmvQgEQV4oL3JpOA7tP07eGcez+Py2mX8yFu81OeSBPwSwjHX5BrAe8pXVkgT3CMkC/g==",
      "funding": [
        {
          "type": "github",
          "url": "https://github.com/sponsors/scramjetorg"
        },
        {
          "type": "individual",
          "url": "https://www.paypal.com/cgi-bin/webscr?cmd=_s-xclick&hosted_button_id=7F7V65C43EBMW"
        }
      ],
      "dependencies": {
        "papaparse": "^5.3.2",
        "rereadable-stream": "^1.4.14",
        "scramjet-core": "^4.32.10"
      },
      "engines": {
        "node": ">=10.0.0"
      }
    },
    "node_modules/scramjet-core": {
      "version": "4.32.10",
      "resolved": "https://registry.npmjs.org/scramjet-core/-/scramjet-core-4.32.10.tgz",
      "integrity": "sha512-B4xYXl8+sT3Fy/DAKmGE1TJafHm+U46AUY3w0v4XseNwhy94C+JfzKR/9+F1gmEihn+E7tDPXnqlquGDmQ6o8Q==",
      "engines": {
        "node": ">=10.0.0"
      }
    },
    "node_modules/tr46": {
      "version": "0.0.3",
      "resolved": "https://registry.npmjs.org/tr46/-/tr46-0.0.3.tgz",
      "integrity": "sha512-N3WMsuqV66lT30CrXNbEjx4GEwlow3v6rr4mCcv6prnfwhS01rkgyFdjPNBYd9br7LpXV1+Emh01fHnq2Gdgrw=="
    },
    "node_modules/uuid": {
      "version": "8.3.2",
      "resolved": "https://registry.npmjs.org/uuid/-/uuid-8.3.2.tgz",
      "integrity": "sha512-+NYs2QeMWy+GWFOEm9xnn6HCDp0l7QBD7ml8zLUmJ+93Q5NF0NocErnwkTkXVFNiX3/fpC6afS8Dhb/gz7R7eg==",
      "bin": {
        "uuid": "dist/bin/uuid"
      }
    },
    "node_modules/webidl-conversions": {
      "version": "3.0.1",
      "resolved": "https://registry.npmjs.org/webidl-conversions/-/webidl-conversions-3.0.1.tgz",
      "integrity": "sha512-2JAn3z8AR6rjK8Sm8orRC0h/bcl/DqL7tRPdGZ4I1CjdF+EaMLmYxBHyXuKL849eucPFhvBoxMsflfOb8kxaeQ=="
    },
    "node_modules/whatwg-url": {
      "version": "5.0.0",
      "resolved": "https://registry.npmjs.org/whatwg-url/-/whatwg-url-5.0.0.tgz",
      "integrity": "sha512-saE57nupxk6v3HY35+jzBwYa0rKSy0XR8JSxZPwgLr7ys0IBzhGviA1/TUGJLmSVqs8pb9AnvICXEuOHLprYTw==",
      "dependencies": {
        "tr46": "~0.0.3",
        "webidl-conversions": "^3.0.0"
      }
    },
    "node_modules/yaml": {
      "version": "2.2.1",
      "resolved": "https://registry.npmjs.org/yaml/-/yaml-2.2.1.tgz",
      "integrity": "sha512-e0WHiYql7+9wr4cWMx3TVQrNwejKaEe7/rHNmQmqRjazfOP5W8PB6Jpebb5o6fIapbz9o9+2ipcaTM2ZwDI6lw==",
      "engines": {
        "node": ">= 14"
      }
    }
  }
}
